
Microsoft Visual Studio Solution File, Format Version 12.00
Project("{FAE04EC0-301F-11D3-BF4B-00C04F79EFBC}") = "Domain", "Domain\Domain.csproj", "{45BEADE3-EDFE-46AA-88D5-6DABB565CAED}"
EndProject
Global
	GlobalSection(SolutionConfigurationPlatforms) = preSolution
		Debug|Any CPU = Debug|Any CPU
		Release|Any CPU = Release|Any CPU
	EndGlobalSection
	GlobalSection(ProjectConfigurationPlatforms) = postSolution
		{45BEADE3-EDFE-46AA-88D5-6DABB565CAED}.Debug|Any CPU.ActiveCfg = Debug|Any CPU
		{45BEADE3-EDFE-46AA-88D5-6DABB565CAED}.Debug|Any CPU.Build.0 = Debug|Any CPU
		{45BEADE3-EDFE-46AA-88D5-6DABB565CAED}.Release|Any CPU.ActiveCfg = Release|Any CPU
		{45BEADE3-EDFE-46AA-88D5-6DABB565CAED}.Release|Any CPU.Build.0 = Release|Any CPU
	EndGlobalSection
EndGlobal
